
Microsoft Visual Studio Solution File, Format Version 12.00
# Visual Studio Version 17
VisualStudioVersion = 17.9.34728.123
MinimumVisualStudioVersion = 10.0.40219.1
Project("{FAE04EC0-301F-11D3-BF4B-00C04F79EFBC}") = "Лаб12", "Лаб12\Лаб12.csproj", "{4C974681-1347-440F-A50F-B6E4EB375E84}"
EndProject
Project("{FAE04EC0-301F-11D3-BF4B-00C04F79EFBC}") = "GeometrucShapeCarLibrary", "GeometrucShapeCarLibrary\GeometrucShapeCarLibrary.csproj", "{2D3AADA6-631B-47F7-8961-F4FB855B004D}"
EndProject
Global
	GlobalSection(SolutionConfigurationPlatforms) = preSolution
		Debug|Any CPU = Debug|Any CPU
		Release|Any CPU = Release|Any CPU
	EndGlobalSection
	GlobalSection(ProjectConfigurationPlatforms) = postSolution
		{4C974681-1347-440F-A50F-B6E4EB375E84}.Debug|Any CPU.ActiveCfg = Debug|Any CPU
		{4C974681-1347-440F-A50F-B6E4EB375E84}.Debug|Any CPU.Build.0 = Debug|Any CPU
		{4C974681-1347-440F-A50F-B6E4EB375E84}.Release|Any CPU.ActiveCfg = Release|Any CPU
		{4C974681-1347-440F-A50F-B6E4EB375E84}.Release|Any CPU.Build.0 = Release|Any CPU
		{2D3AADA6-631B-47F7-8961-F4FB855B004D}.Debug|Any CPU.ActiveCfg = Debug|Any CPU
		{2D3AADA6-631B-47F7-8961-F4FB855B004D}.Debug|Any CPU.Build.0 = Debug|Any CPU
		{2D3AADA6-631B-47F7-8961-F4FB855B004D}.Release|Any CPU.ActiveCfg = Release|Any CPU
		{2D3AADA6-631B-47F7-8961-F4FB855B004D}.Release|Any CPU.Build.0 = Release|Any CPU
	EndGlobalSection
	GlobalSection(SolutionProperties) = preSolution
		HideSolutionNode = FALSE
	EndGlobalSection
	GlobalSection(ExtensibilityGlobals) = postSolution
		SolutionGuid = {403FCE40-23FC-43C2-9F30-2670601A67DC}
	EndGlobalSection
EndGlobal
